
Microsoft Visual Studio Solution File, Format Version 12.00
# Visual Studio 14
VisualStudioVersion = 14.0.23107.0
MinimumVisualStudioVersion = 10.0.40219.1
Project("{FAE04EC0-301F-11D3-BF4B-00C04F79EFBC}") = "PrivateChat.Web", "PrivateChat.Web\PrivateChat.Web.csproj", "{EFE3E2DC-390D-4E67-B796-CBD65953F301}"
EndProject
Project("{FAE04EC0-301F-11D3-BF4B-00C04F79EFBC}") = "Core", "Core\Core.csproj", "{B1839FC1-AA76-433D-99A4-812ECB4A0C82}"
EndProject
Project("{FAE04EC0-301F-11D3-BF4B-00C04F79EFBC}") = "Dal", "Dal\Dal.csproj", "{F7573D1E-9178-492A-BC24-0044FE82105F}"
EndProject
Project("{FAE04EC0-301F-11D3-BF4B-00C04F79EFBC}") = "Services", "Services\Services.csproj", "{025AFDCE-DE79-4837-8825-61F708FE63C1}"
EndProject
Global
	GlobalSection(SolutionConfigurationPlatforms) = preSolution
		Debug|Any CPU = Debug|Any CPU
		Release|Any CPU = Release|Any CPU
	EndGlobalSection
	GlobalSection(ProjectConfigurationPlatforms) = postSolution
		{EFE3E2DC-390D-4E67-B796-CBD65953F301}.Debug|Any CPU.ActiveCfg = Debug|Any CPU
		{EFE3E2DC-390D-4E67-B796-CBD65953F301}.Debug|Any CPU.Build.0 = Debug|Any CPU
		{EFE3E2DC-390D-4E67-B796-CBD65953F301}.Release|Any CPU.ActiveCfg = Release|Any CPU
		{EFE3E2DC-390D-4E67-B796-CBD65953F301}.Release|Any CPU.Build.0 = Release|Any CPU
		{B1839FC1-AA76-433D-99A4-812ECB4A0C82}.Debug|Any CPU.ActiveCfg = Debug|Any CPU
		{B1839FC1-AA76-433D-99A4-812ECB4A0C82}.Debug|Any CPU.Build.0 = Debug|Any CPU
		{B1839FC1-AA76-433D-99A4-812ECB4A0C82}.Release|Any CPU.ActiveCfg = Release|Any CPU
		{B1839FC1-AA76-433D-99A4-812ECB4A0C82}.Release|Any CPU.Build.0 = Release|Any CPU
		{F7573D1E-9178-492A-BC24-0044FE82105F}.Debug|Any CPU.ActiveCfg = Debug|Any CPU
		{F7573D1E-9178-492A-BC24-0044FE82105F}.Debug|Any CPU.Build.0 = Debug|Any CPU
		{F7573D1E-9178-492A-BC24-0044FE82105F}.Release|Any CPU.ActiveCfg = Release|Any CPU
		{F7573D1E-9178-492A-BC24-0044FE82105F}.Release|Any CPU.Build.0 = Release|Any CPU
		{025AFDCE-DE79-4837-8825-61F708FE63C1}.Debug|Any CPU.ActiveCfg = Debug|Any CPU
		{025AFDCE-DE79-4837-8825-61F708FE63C1}.Debug|Any CPU.Build.0 = Debug|Any CPU
		{025AFDCE-DE79-4837-8825-61F708FE63C1}.Release|Any CPU.ActiveCfg = Release|Any CPU
		{025AFDCE-DE79-4837-8825-61F708FE63C1}.Release|Any CPU.Build.0 = Release|Any CPU
	EndGlobalSection
	GlobalSection(SolutionProperties) = preSolution
		HideSolutionNode = FALSE
	EndGlobalSection
EndGlobal
