
Microsoft Visual Studio Solution File, Format Version 12.00
# Visual Studio 2013
VisualStudioVersion = 12.0.30501.0
MinimumVisualStudioVersion = 10.0.40219.1
Project("{FAE04EC0-301F-11D3-BF4B-00C04F79EFBC}") = "PrivateChat.Web", "PrivateChat.Web\PrivateChat.Web.csproj", "{EFE3E2DC-390D-4E67-B796-CBD65953F301}"
EndProject
Project("{FAE04EC0-301F-11D3-BF4B-00C04F79EFBC}") = "Core", "Core\Core.csproj", "{B1839FC1-AA76-433D-99A4-812ECB4A0C82}"
EndProject
Project("{FAE04EC0-301F-11D3-BF4B-00C04F79EFBC}") = "Dal", "Dal\Dal.csproj", "{F7573D1E-9178-492A-BC24-0044FE82105F}"
EndProject
Project("{FAE04EC0-301F-11D3-BF4B-00C04F79EFBC}") = "Bll", "Bll\Bll.csproj", "{63727F78-9E81-4E92-A8F6-FB7BDF39AC7B}"
EndProject
Project("{2150E333-8FDC-42A3-9474-1A3956D46DE8}") = ".nuget", ".nuget", "{09725277-2F24-42BA-B36B-F97BBF165860}"
	ProjectSection(SolutionItems) = preProject
		.nuget\NuGet.Config = .nuget\NuGet.Config
		.nuget\NuGet.exe = .nuget\NuGet.exe
		.nuget\NuGet.targets = .nuget\NuGet.targets
	EndProjectSection
EndProject
Global
	GlobalSection(SolutionConfigurationPlatforms) = preSolution
		Debug|Any CPU = Debug|Any CPU
		Release|Any CPU = Release|Any CPU
	EndGlobalSection
	GlobalSection(ProjectConfigurationPlatforms) = postSolution
		{EFE3E2DC-390D-4E67-B796-CBD65953F301}.Debug|Any CPU.ActiveCfg = Debug|Any CPU
		{EFE3E2DC-390D-4E67-B796-CBD65953F301}.Debug|Any CPU.Build.0 = Debug|Any CPU
		{EFE3E2DC-390D-4E67-B796-CBD65953F301}.Release|Any CPU.ActiveCfg = Release|Any CPU
		{EFE3E2DC-390D-4E67-B796-CBD65953F301}.Release|Any CPU.Build.0 = Release|Any CPU
		{B1839FC1-AA76-433D-99A4-812ECB4A0C82}.Debug|Any CPU.ActiveCfg = Debug|Any CPU
		{B1839FC1-AA76-433D-99A4-812ECB4A0C82}.Debug|Any CPU.Build.0 = Debug|Any CPU
		{B1839FC1-AA76-433D-99A4-812ECB4A0C82}.Release|Any CPU.ActiveCfg = Release|Any CPU
		{B1839FC1-AA76-433D-99A4-812ECB4A0C82}.Release|Any CPU.Build.0 = Release|Any CPU
		{F7573D1E-9178-492A-BC24-0044FE82105F}.Debug|Any CPU.ActiveCfg = Debug|Any CPU
		{F7573D1E-9178-492A-BC24-0044FE82105F}.Debug|Any CPU.Build.0 = Debug|Any CPU
		{F7573D1E-9178-492A-BC24-0044FE82105F}.Release|Any CPU.ActiveCfg = Release|Any CPU
		{F7573D1E-9178-492A-BC24-0044FE82105F}.Release|Any CPU.Build.0 = Release|Any CPU
		{63727F78-9E81-4E92-A8F6-FB7BDF39AC7B}.Debug|Any CPU.ActiveCfg = Debug|Any CPU
		{63727F78-9E81-4E92-A8F6-FB7BDF39AC7B}.Debug|Any CPU.Build.0 = Debug|Any CPU
		{63727F78-9E81-4E92-A8F6-FB7BDF39AC7B}.Release|Any CPU.ActiveCfg = Release|Any CPU
		{63727F78-9E81-4E92-A8F6-FB7BDF39AC7B}.Release|Any CPU.Build.0 = Release|Any CPU
	EndGlobalSection
	GlobalSection(SolutionProperties) = preSolution
		HideSolutionNode = FALSE
	EndGlobalSection
EndGlobal
